{
  "name": "@forchange/readable-regular-expression",
  "version": "0.0.10",
  "lockfileVersion": 1,
  "requires": true,
  "dependencies": {
    "@types/assert": {
      "version": "1.5.1",
      "resolved": "https://nexus.forchange.cn/repository/npm-group/@types/assert/-/assert-1.5.1.tgz",
      "integrity": "sha1-nEtXk11Eb/z7MdWDeZxHJyFh4nA=",
      "dev": true
    },
    "@types/node": {
      "version": "14.0.14",
      "resolved": "https://nexus.forchange.cn/repository/npm-group/@types/node/-/node-14.0.14.tgz",
      "integrity": "sha1-JKC1lZ8WrBQa6wxbPNehW3xky84=",
      "dev": true
    },
    "arg": {
      "version": "4.1.3",
      "resolved": "https://nexus.forchange.cn/repository/npm-group/arg/-/arg-4.1.3.tgz",
      "integrity": "sha1-Jp/HrVuOQstjyJbVZmAXJhwUQIk=",
      "dev": true
    },
    "balanced-match": {
      "version": "1.0.0",
      "resolved": "https://nexus.forchange.cn/repository/npm-group/balanced-match/-/balanced-match-1.0.0.tgz",
      "integrity": "sha1-ibTRmasr7kneFk6gK4nORi1xt2c=",
      "dev": true
    },
    "brace-expansion": {
      "version": "1.1.11",
      "resolved": "https://nexus.forchange.cn/repository/npm-group/brace-expansion/-/brace-expansion-1.1.11.tgz",
      "integrity": "sha1-PH/L9SnYcibz0vUrlm/1Jx60Qd0=",
      "dev": true,
      "requires": {
        "balanced-match": "^1.0.0",
        "concat-map": "0.0.1"
      }
    },
    "buffer-from": {
      "version": "1.1.1",
      "resolved": "https://nexus.forchange.cn/repository/npm-group/buffer-from/-/buffer-from-1.1.1.tgz",
      "integrity": "sha1-MnE7wCj3XAL9txDXx7zsHyxgcO8=",
      "dev": true
    },
    "concat-map": {
      "version": "0.0.1",
      "resolved": "https://nexus.forchange.cn/repository/npm-group/concat-map/-/concat-map-0.0.1.tgz",
      "integrity": "sha1-2Klr13/Wjfd5OnMDajug1UBdR3s=",
      "dev": true
    },
    "diff": {
      "version": "4.0.2",
      "resolved": "https://nexus.forchange.cn/repository/npm-group/diff/-/diff-4.0.2.tgz",
      "integrity": "sha1-YPOuy4nV+uUgwRqhnvwruYKq3n0=",
      "dev": true
    },
    "fast-deep-equal": {
      "version": "3.1.3",
      "resolved": "https://nexus.forchange.cn/repository/npm-group/fast-deep-equal/-/fast-deep-equal-3.1.3.tgz",
      "integrity": "sha1-On1WtVnWy8PrUSMlJE5hmmXGxSU="
    },
    "fs-extra": {
      "version": "8.1.0",
      "resolved": "https://nexus.forchange.cn/repository/npm-group/fs-extra/-/fs-extra-8.1.0.tgz",
      "integrity": "sha1-SdQ8RaiM2Wd2aMt74bRu/bjS4cA=",
      "dev": true,
      "requires": {
        "graceful-fs": "^4.2.0",
        "jsonfile": "^4.0.0",
        "universalify": "^0.1.0"
      }
    },
    "fs.realpath": {
      "version": "1.0.0",
      "resolved": "https://nexus.forchange.cn/repository/npm-group/fs.realpath/-/fs.realpath-1.0.0.tgz",
      "integrity": "sha1-FQStJSMVjKpA20onh8sBQRmU6k8=",
      "dev": true
    },
    "glob": {
      "version": "7.1.6",
      "resolved": "https://nexus.forchange.cn/repository/npm-group/glob/-/glob-7.1.6.tgz",
      "integrity": "sha1-FB8zuBp8JJLhJVlDB0gMRmeSeKY=",
      "dev": true,
      "requires": {
        "fs.realpath": "^1.0.0",
        "inflight": "^1.0.4",
        "inherits": "2",
        "minimatch": "^3.0.4",
        "once": "^1.3.0",
        "path-is-absolute": "^1.0.0"
      }
    },
    "graceful-fs": {
      "version": "4.2.4",
      "resolved": "https://nexus.forchange.cn/repository/npm-group/graceful-fs/-/graceful-fs-4.2.4.tgz",
      "integrity": "sha1-Ila94U02MpWMRl68ltxGfKB6Kfs=",
      "dev": true
    },
    "handlebars": {
      "version": "4.7.6",
      "resolved": "https://nexus.forchange.cn/repository/npm-group/handlebars/-/handlebars-4.7.6.tgz",
      "integrity": "sha1-1MBcG6+Q6ZRfd6pop6IZqkp9904=",
      "dev": true,
      "requires": {
        "minimist": "^1.2.5",
        "neo-async": "^2.6.0",
        "source-map": "^0.6.1",
        "uglify-js": "^3.1.4",
        "wordwrap": "^1.0.0"
      }
    },
    "highlight.js": {
      "version": "10.1.1",
      "resolved": "https://nexus.forchange.cn/repository/npm-group/highlight.js/-/highlight.js-10.1.1.tgz",
      "integrity": "sha1-aRohSKjZIr8S5SopRWag2ZO5TFc=",
      "dev": true
    },
    "inflight": {
      "version": "1.0.6",
      "resolved": "https://nexus.forchange.cn/repository/npm-group/inflight/-/inflight-1.0.6.tgz",
      "integrity": "sha1-Sb1jMdfQLQwJvJEKEHW6gWW1bfk=",
      "dev": true,
      "requires": {
        "once": "^1.3.0",
        "wrappy": "1"
      }
    },
    "inherits": {
      "version": "2.0.4",
      "resolved": "https://nexus.forchange.cn/repository/npm-group/inherits/-/inherits-2.0.4.tgz",
      "integrity": "sha1-D6LGT5MpF8NDOg3tVTY6rjdBa3w=",
      "dev": true
    },
    "interpret": {
      "version": "1.4.0",
      "resolved": "https://nexus.forchange.cn/repository/npm-group/interpret/-/interpret-1.4.0.tgz",
      "integrity": "sha1-Zlq4vE2iendKQFhOgS4+D6RbGh4=",
      "dev": true
    },
    "jsonfile": {
      "version": "4.0.0",
      "resolved": "https://nexus.forchange.cn/repository/npm-group/jsonfile/-/jsonfile-4.0.0.tgz",
      "integrity": "sha1-h3Gq4HmbZAdrdmQPygWPnBDjPss=",
      "dev": true,
      "requires": {
        "graceful-fs": "^4.1.6"
      }
    },
    "lodash": {
      "version": "4.17.15",
      "resolved": "https://nexus.forchange.cn/repository/npm-group/lodash/-/lodash-4.17.15.tgz",
      "integrity": "sha1-tEf2ZwoEVbv+7dETku/zMOoJdUg=",
      "dev": true
    },
    "lunr": {
      "version": "2.3.8",
      "resolved": "https://nexus.forchange.cn/repository/npm-group/lunr/-/lunr-2.3.8.tgz",
      "integrity": "sha1-qLicMfMLWgRLl9LSji2hkba6IHI=",
      "dev": true
    },
    "make-error": {
      "version": "1.3.6",
      "resolved": "https://nexus.forchange.cn/repository/npm-group/make-error/-/make-error-1.3.6.tgz",
      "integrity": "sha1-LrLjfqm2fEiR9oShOUeZr0hM96I=",
      "dev": true
    },
    "marked": {
      "version": "1.0.0",
      "resolved": "https://nexus.forchange.cn/repository/npm-group/marked/-/marked-1.0.0.tgz",
      "integrity": "sha1-01eEJFoEhx5ZiKSR4ohnNi6UFpM=",
      "dev": true
    },
    "minimatch": {
      "version": "3.0.4",
      "resolved": "https://nexus.forchange.cn/repository/npm-group/minimatch/-/minimatch-3.0.4.tgz",
      "integrity": "sha1-UWbihkV/AzBgZL5Ul+jbsMPTIIM=",
      "dev": true,
      "requires": {
        "brace-expansion": "^1.1.7"
      }
    },
    "minimist": {
      "version": "1.2.5",
      "resolved": "https://nexus.forchange.cn/repository/npm-group/minimist/-/minimist-1.2.5.tgz",
      "integrity": "sha1-Z9ZgFLZqaoqqDAg8X9WN9OTpdgI=",
      "dev": true
    },
    "neo-async": {
      "version": "2.6.1",
      "resolved": "https://nexus.forchange.cn/repository/npm-group/neo-async/-/neo-async-2.6.1.tgz",
      "integrity": "sha1-rCetpmFn+ohJpq3dg39rGJrSCBw=",
      "dev": true
    },
    "once": {
      "version": "1.4.0",
      "resolved": "https://nexus.forchange.cn/repository/npm-group/once/-/once-1.4.0.tgz",
      "integrity": "sha1-WDsap3WWHUsROsF9nFC6753Xa9E=",
      "dev": true,
      "requires": {
        "wrappy": "1"
      }
    },
    "path-is-absolute": {
      "version": "1.0.1",
      "resolved": "https://nexus.forchange.cn/repository/npm-group/path-is-absolute/-/path-is-absolute-1.0.1.tgz",
      "integrity": "sha1-F0uSaHNVNP+8es5r9TpanhtcX18=",
      "dev": true
    },
    "path-parse": {
      "version": "1.0.6",
      "resolved": "https://nexus.forchange.cn/repository/npm-group/path-parse/-/path-parse-1.0.6.tgz",
      "integrity": "sha1-1i27VnlAXXLEc37FhgDp3c8G0kw=",
      "dev": true
    },
    "prettier": {
      "version": "2.0.5",
      "resolved": "https://nexus.forchange.cn/repository/npm-group/prettier/-/prettier-2.0.5.tgz",
      "integrity": "sha1-1tVigkVSQ/L5LMFxZpLAiqMVItQ=",
      "dev": true
    },
    "progress": {
      "version": "2.0.3",
      "resolved": "https://nexus.forchange.cn/repository/npm-group/progress/-/progress-2.0.3.tgz",
      "integrity": "sha1-foz42PW48jnBvGi+tOt4Vn1XLvg=",
      "dev": true
    },
    "rechoir": {
      "version": "0.6.2",
      "resolved": "https://nexus.forchange.cn/repository/npm-group/rechoir/-/rechoir-0.6.2.tgz",
      "integrity": "sha1-hSBLVNuoLVdC4oyWdW70OvUOM4Q=",
      "dev": true,
      "requires": {
        "resolve": "^1.1.6"
      }
    },
    "resolve": {
      "version": "1.17.0",
      "resolved": "https://nexus.forchange.cn/repository/npm-group/resolve/-/resolve-1.17.0.tgz",
      "integrity": "sha1-sllBtUloIxzC0bt2p5y38sC/hEQ=",
      "dev": true,
      "requires": {
        "path-parse": "^1.0.6"
      }
    },
    "shelljs": {
      "version": "0.8.4",
      "resolved": "https://nexus.forchange.cn/repository/npm-group/shelljs/-/shelljs-0.8.4.tgz",
      "integrity": "sha1-3naE/ut2f4cWsyYHiooAh1iQ48I=",
      "dev": true,
      "requires": {
        "glob": "^7.0.0",
        "interpret": "^1.0.0",
        "rechoir": "^0.6.2"
      }
    },
    "source-map": {
      "version": "0.6.1",
      "resolved": "https://nexus.forchange.cn/repository/npm-group/source-map/-/source-map-0.6.1.tgz",
      "integrity": "sha1-dHIq8y6WFOnCh6jQu95IteLxomM=",
      "dev": true
    },
    "source-map-support": {
      "version": "0.5.19",
      "resolved": "https://nexus.forchange.cn/repository/npm-group/source-map-support/-/source-map-support-0.5.19.tgz",
      "integrity": "sha1-qYti+G3K9PZzmWSMCFKRq56P7WE=",
      "dev": true,
      "requires": {
        "buffer-from": "^1.0.0",
        "source-map": "^0.6.0"
      }
    },
    "ts-node": {
      "version": "8.10.2",
      "resolved": "https://nexus.forchange.cn/repository/npm-group/ts-node/-/ts-node-8.10.2.tgz",
      "integrity": "sha1-7uA3ZGM7EjTd03+NuewQt17H+40=",
      "dev": true,
      "requires": {
        "arg": "^4.1.0",
        "diff": "^4.0.1",
        "make-error": "^1.1.1",
        "source-map-support": "^0.5.17",
        "yn": "3.1.1"
      }
    },
    "typedoc": {
      "version": "0.17.8",
      "resolved": "https://nexus.forchange.cn/repository/npm-group/typedoc/-/typedoc-0.17.8.tgz",
      "integrity": "sha1-lrZ+lFSqeFO/xNyaVciget/VR44=",
      "dev": true,
      "requires": {
        "fs-extra": "^8.1.0",
        "handlebars": "^4.7.6",
        "highlight.js": "^10.0.0",
        "lodash": "^4.17.15",
        "lunr": "^2.3.8",
        "marked": "1.0.0",
        "minimatch": "^3.0.0",
        "progress": "^2.0.3",
        "shelljs": "^0.8.4",
        "typedoc-default-themes": "^0.10.2"
      }
    },
    "typedoc-default-themes": {
      "version": "0.10.2",
      "resolved": "https://nexus.forchange.cn/repository/npm-group/typedoc-default-themes/-/typedoc-default-themes-0.10.2.tgz",
      "integrity": "sha1-dDOAqAr+YsXvksob1KvirFlr5NI=",
      "dev": true,
      "requires": {
        "lunr": "^2.3.8"
      }
    },
    "typescript": {
      "version": "3.9.6",
      "resolved": "https://nexus.forchange.cn/repository/npm-group/typescript/-/typescript-3.9.6.tgz",
      "integrity": "sha1-jz4BmKNMOuFwkbNVcdOv0xmZNlo=",
      "dev": true
    },
    "uglify-js": {
      "version": "3.10.0",
      "resolved": "https://nexus.forchange.cn/repository/npm-group/uglify-js/-/uglify-js-3.10.0.tgz",
      "integrity": "sha1-OXp+bjHOggv9HLVbgE7hQMWHqec=",
      "dev": true,
      "optional": true
    },
    "universalify": {
      "version": "0.1.2",
      "resolved": "https://nexus.forchange.cn/repository/npm-group/universalify/-/universalify-0.1.2.tgz",
      "integrity": "sha1-tkb2m+OULavOzJ1mOcgNwQXvqmY=",
      "dev": true
    },
    "wordwrap": {
      "version": "1.0.0",
      "resolved": "https://nexus.forchange.cn/repository/npm-group/wordwrap/-/wordwrap-1.0.0.tgz",
      "integrity": "sha1-J1hIEIkUVqQXHI0CJkQa3pDLyus=",
      "dev": true
    },
    "wrappy": {
      "version": "1.0.2",
      "resolved": "https://nexus.forchange.cn/repository/npm-group/wrappy/-/wrappy-1.0.2.tgz",
      "integrity": "sha1-tSQ9jz7BqjXxNkYFvA0QNuMKtp8=",
      "dev": true
    },
    "yn": {
      "version": "3.1.1",
      "resolved": "https://nexus.forchange.cn/repository/npm-group/yn/-/yn-3.1.1.tgz",
      "integrity": "sha1-HodAGgnXZ8HV6rJqbkwYUYLS61A=",
      "dev": true
    }
  }
}
